Microsoft Visual Studio Solution File, Format Version 11.00
# Visual Studio 2008

Project("{55F215A9-FAAD-70BB-F9C0-8339D8D132C0}") = "glu 4.6", "Assembly-CSharp.csproj", "{50B78F4C-E149-9330-21F7-606DA4D7EEF2}"
EndProject
Project("{55F215A9-FAAD-70BB-F9C0-8339D8D132C0}") = "glu 4.6", "Assembly-CSharp-Editor.csproj", "{612CA190-6D60-01A7-A41A-5AE338C15F82}"
EndProject
Project("{55F215A9-FAAD-70BB-F9C0-8339D8D132C0}") = "glu 4.6", "Assembly-UnityScript-Editor-firstpass.unityproj", "{588593DD-672C-9867-B7EB-939D007EF68C}"
EndProject
Global
	GlobalSection(SolutionConfigurationPlatforms) = preSolution
		Debug|Any CPU = Debug|Any CPU
		Release|Any CPU = Release|Any CPU
	EndGlobalSection
	GlobalSection(ProjectConfigurationPlatforms) = postSolution
		{50B78F4C-E149-9330-21F7-606DA4D7EEF2}.Debug|Any CPU.ActiveCfg = Debug|Any CPU
		{50B78F4C-E149-9330-21F7-606DA4D7EEF2}.Debug|Any CPU.Build.0 = Debug|Any CPU
		{50B78F4C-E149-9330-21F7-606DA4D7EEF2}.Release|Any CPU.ActiveCfg = Release|Any CPU
		{50B78F4C-E149-9330-21F7-606DA4D7EEF2}.Release|Any CPU.Build.0 = Release|Any CPU
		{612CA190-6D60-01A7-A41A-5AE338C15F82}.Debug|Any CPU.ActiveCfg = Debug|Any CPU
		{612CA190-6D60-01A7-A41A-5AE338C15F82}.Debug|Any CPU.Build.0 = Debug|Any CPU
		{612CA190-6D60-01A7-A41A-5AE338C15F82}.Release|Any CPU.ActiveCfg = Release|Any CPU
		{612CA190-6D60-01A7-A41A-5AE338C15F82}.Release|Any CPU.Build.0 = Release|Any CPU
		{588593DD-672C-9867-B7EB-939D007EF68C}.Debug|Any CPU.ActiveCfg = Debug|Any CPU
		{588593DD-672C-9867-B7EB-939D007EF68C}.Debug|Any CPU.Build.0 = Debug|Any CPU
		{588593DD-672C-9867-B7EB-939D007EF68C}.Release|Any CPU.ActiveCfg = Release|Any CPU
		{588593DD-672C-9867-B7EB-939D007EF68C}.Release|Any CPU.Build.0 = Release|Any CPU
	EndGlobalSection
	GlobalSection(SolutionProperties) = preSolution
		HideSolutionNode = FALSE
	EndGlobalSection
																										GlobalSection(MonoDevelopProperties) = preSolution
		StartupItem = Assembly-CSharp.csproj
		Policies = $0
		$0.TextStylePolicy = $1
		$1.inheritsSet = null
		$1.scope = text/x-csharp
		$0.CSharpFormattingPolicy = $2
		$2.inheritsSet = Mono
		$2.inheritsScope = text/x-csharp
		$2.scope = text/x-csharp
		$0.TextStylePolicy = $3
		$3.FileWidth = 120
		$3.TabWidth = 4
		$3.IndentWidth = 4
		$3.EolMarker = Unix
		$3.inheritsSet = Mono
		$3.inheritsScope = text/plain
		$3.scope = text/plain
	EndGlobalSection

EndGlobal
